
Microsoft Visual Studio Solution File, Format Version 12.00
# Visual Studio Version 17
VisualStudioVersion = 17.0.32126.317
MinimumVisualStudioVersion = 10.0.40219.1
Project("{9A19103F-16F7-4668-BE54-9A1E7A4F7556}") = "MedicalHub.DAL", "MedicalHub.DAL\MedicalHub.DAL.csproj", "{EAAD4B8D-EF40-40B9-8C31-1AC6032DFEBC}"
EndProject
Project("{9A19103F-16F7-4668-BE54-9A1E7A4F7556}") = "MedicalHub.WebApp", "MedicalHub.WebApp\MedicalHub.WebApp.csproj", "{6622C91D-BF6D-444B-95A9-D6248A2551BF}"
EndProject
Global
	GlobalSection(SolutionConfigurationPlatforms) = preSolution
		Debug|Any CPU = Debug|Any CPU
		Release|Any CPU = Release|Any CPU
	EndGlobalSection
	GlobalSection(ProjectConfigurationPlatforms) = postSolution
		{EAAD4B8D-EF40-40B9-8C31-1AC6032DFEBC}.Debug|Any CPU.ActiveCfg = Debug|Any CPU
		{EAAD4B8D-EF40-40B9-8C31-1AC6032DFEBC}.Debug|Any CPU.Build.0 = Debug|Any CPU
		{EAAD4B8D-EF40-40B9-8C31-1AC6032DFEBC}.Release|Any CPU.ActiveCfg = Release|Any CPU
		{EAAD4B8D-EF40-40B9-8C31-1AC6032DFEBC}.Release|Any CPU.Build.0 = Release|Any CPU
		{6622C91D-BF6D-444B-95A9-D6248A2551BF}.Debug|Any CPU.ActiveCfg = Debug|Any CPU
		{6622C91D-BF6D-444B-95A9-D6248A2551BF}.Debug|Any CPU.Build.0 = Debug|Any CPU
		{6622C91D-BF6D-444B-95A9-D6248A2551BF}.Release|Any CPU.ActiveCfg = Release|Any CPU
		{6622C91D-BF6D-444B-95A9-D6248A2551BF}.Release|Any CPU.Build.0 = Release|Any CPU
	EndGlobalSection
	GlobalSection(SolutionProperties) = preSolution
		HideSolutionNode = FALSE
	EndGlobalSection
	GlobalSection(ExtensibilityGlobals) = postSolution
		SolutionGuid = {5F6241CA-90AE-41A8-8448-1BE5292921DF}
	EndGlobalSection
EndGlobal
